lockfileVersion: '9.0'

settings:
  autoInstallPeers: true
  excludeLinksFromLockfile: false

importers:

  .:
    dependencies:
      node-appwrite:
        specifier: ^14.1.0
        version: 14.2.0

packages:

  node-appwrite@14.2.0:
    resolution: {integrity: sha512-sPPA+JzdBJRS+lM6azX85y3/6iyKQYlHcXCbjMuWLROh6IiU9EfXRW3XSUTa5HDoBrlo8ve+AnVA6BIjQfUs1g==}

  node-fetch-native-with-agent@1.7.2:
    resolution: {integrity: sha512-5MaOOCuJEvcckoz7/tjdx1M6OusOY6Xc5f459IaruGStWnKzlI1qpNgaAwmn4LmFYcsSlj+jBMk84wmmRxfk5g==}

snapshots:

  node-appwrite@14.2.0:
    dependencies:
      node-fetch-native-with-agent: 1.7.2

  node-fetch-native-with-agent@1.7.2: {}
